
Microsoft Visual Studio Solution File, Format Version 12.00
# Visual Studio Version 17
VisualStudioVersion = 17.5.002.0
MinimumVisualStudioVersion = 10.0.40219.1
Project("{9A19103F-16F7-4668-BE54-9A1E7A4F7556}") = "Revisão", "Revisão.csproj", "{96C7CF0F-6640-4963-ACE7-3E1D8F0215BA}"
EndProject
Global
	GlobalSection(SolutionConfigurationPlatforms) = preSolution
		Debug|Any CPU = Debug|Any CPU
		Release|Any CPU = Release|Any CPU
	EndGlobalSection
	GlobalSection(ProjectConfigurationPlatforms) = postSolution
		{96C7CF0F-6640-4963-ACE7-3E1D8F0215BA}.Debug|Any CPU.ActiveCfg = Debug|Any CPU
		{96C7CF0F-6640-4963-ACE7-3E1D8F0215BA}.Debug|Any CPU.Build.0 = Debug|Any CPU
		{96C7CF0F-6640-4963-ACE7-3E1D8F0215BA}.Release|Any CPU.ActiveCfg = Release|Any CPU
		{96C7CF0F-6640-4963-ACE7-3E1D8F0215BA}.Release|Any CPU.Build.0 = Release|Any CPU
	EndGlobalSection
	GlobalSection(SolutionProperties) = preSolution
		HideSolutionNode = FALSE
	EndGlobalSection
	GlobalSection(ExtensibilityGlobals) = postSolution
		SolutionGuid = {ED710209-F5A8-40D4-998A-801750A3837A}
	EndGlobalSection
EndGlobal
